
Microsoft Visual Studio Solution File, Format Version 12.00
# Visual Studio 2012
Project("{2150E333-8FDC-42A3-9474-1A3956D46DE8}") = "Solution Items", "Solution Items", "{B22BB088-5CDE-47A4-B64F-93BD4F9D4905}"
	ProjectSection(SolutionItems) = preProject
		LocalTestRun.testrunconfig = LocalTestRun.testrunconfig
		TaxlotManager.vsmdi = TaxlotManager.vsmdi
	EndProjectSection
EndProject
Project("{FAE04EC0-301F-11D3-BF4B-00C04F79EFBC}") = "TaxlotManager", "TaxlotManager\TaxlotManager.csproj", "{97DAD64E-1BA4-4D21-85C1-7017FBA8600E}"
EndProject
Project("{FAE04EC0-301F-11D3-BF4B-00C04F79EFBC}") = "TaxlotManagerTest", "TaxlotManagerTest\TaxlotManagerTest.csproj", "{2400235C-05DD-4FAD-9D73-9BFF63546C9F}"
EndProject
Project("{FAE04EC0-301F-11D3-BF4B-00C04F79EFBC}") = "GHVHugoLib", "GHVHugoLib\GHVHugoLib.csproj", "{9A16B90A-6552-49FB-B2BB-714A9E458359}"
EndProject
Global
	GlobalSection(TestCaseManagementSettings) = postSolution
		CategoryFile = TaxlotManager.vsmdi
	EndGlobalSection
	GlobalSection(SolutionConfigurationPlatforms) = preSolution
		Debug|Any CPU = Debug|Any CPU
		Release|Any CPU = Release|Any CPU
	EndGlobalSection
	GlobalSection(ProjectConfigurationPlatforms) = postSolution
		{97DAD64E-1BA4-4D21-85C1-7017FBA8600E}.Debug|Any CPU.ActiveCfg = Debug|Any CPU
		{97DAD64E-1BA4-4D21-85C1-7017FBA8600E}.Debug|Any CPU.Build.0 = Debug|Any CPU
		{97DAD64E-1BA4-4D21-85C1-7017FBA8600E}.Release|Any CPU.ActiveCfg = Release|Any CPU
		{97DAD64E-1BA4-4D21-85C1-7017FBA8600E}.Release|Any CPU.Build.0 = Release|Any CPU
		{2400235C-05DD-4FAD-9D73-9BFF63546C9F}.Debug|Any CPU.ActiveCfg = Debug|Any CPU
		{2400235C-05DD-4FAD-9D73-9BFF63546C9F}.Debug|Any CPU.Build.0 = Debug|Any CPU
		{2400235C-05DD-4FAD-9D73-9BFF63546C9F}.Release|Any CPU.ActiveCfg = Release|Any CPU
		{2400235C-05DD-4FAD-9D73-9BFF63546C9F}.Release|Any CPU.Build.0 = Release|Any CPU
		{9A16B90A-6552-49FB-B2BB-714A9E458359}.Debug|Any CPU.ActiveCfg = Debug|Any CPU
		{9A16B90A-6552-49FB-B2BB-714A9E458359}.Debug|Any CPU.Build.0 = Debug|Any CPU
		{9A16B90A-6552-49FB-B2BB-714A9E458359}.Release|Any CPU.ActiveCfg = Release|Any CPU
		{9A16B90A-6552-49FB-B2BB-714A9E458359}.Release|Any CPU.Build.0 = Release|Any CPU
	EndGlobalSection
	GlobalSection(SolutionProperties) = preSolution
		HideSolutionNode = FALSE
	EndGlobalSection
EndGlobal
